{
  "version": "0.1.3",
  "requires": true,
  "lockfileVersion": 1,
  "dependencies": {
    "mcscript": {
      "version": "0.2.3",
      "resolved": "https://registry.npmjs.org/mcscript/-/mcscript-0.2.3.tgz",
      "integrity": "sha512-9p1aIzkrNwntd3SEm6i09N8wFM+tRozJLdAKI3mfRhC/D1g64mBJ/geOojufFzQcDoQyysxLWID5SuFuXVS61w=="
    }
  }
}
